{
  "name": "product-ontime-analysis-npm",
  "version": "0.1.0",
  "lockfileVersion": 3,
  "requires": true,
  "packages": {
    "": {
      "name": "product-ontime-analysis-npm",
      "version": "0.1.0",
      "dependencies": {
        "csv-writer": "^1.6.0",
        "dotenv": "^16.0.0",
        "embedded-postgres": "^18.1.0-beta.15",
        "graphology": "^0.25.0",
        "pg": "^8.10.0"
      }
    },
    "node_modules/@embedded-postgres/darwin-arm64": {
      "version": "18.1.0-beta.15",
      "resolved": "https://registry.npmjs.org/@embedded-postgres/darwin-arm64/-/darwin-arm64-18.1.0-beta.15.tgz",
      "integrity": "sha512-pdCU/y07Ebdz8cBP8DRSBa3ORqUjEdLIlNE4qLB0cXHbRR8QSUwJA/U809qMm9rJ1ZDG2WjGgVvNniXDGbRSEA==",
      "cpu": [
        "arm64"
      ],
      "hasInstallScript": true,
      "license": "MIT",
      "optional": true,
      "os": [
        "darwin"
      ],
      "engines": {
        "node": ">=16"
      }
    },
    "node_modules/@embedded-postgres/darwin-x64": {
      "version": "18.1.0-beta.15",
      "resolved": "https://registry.npmjs.org/@embedded-postgres/darwin-x64/-/darwin-x64-18.1.0-beta.15.tgz",
      "integrity": "sha512-eGxygBRTc4RSr4z+Itg5C/Rkuzt1x1ef3MCARVwvfaJjBLt/zx7HV5TCFaAiEQo+U2DuNfena1izSFCI48pTKA==",
      "cpu": [
        "x64"
      ],
      "hasInstallScript": true,
      "license": "MIT",
      "optional": true,
      "os": [
        "darwin"
      ],
      "engines": {
        "node": ">=16"
      }
    },
    "node_modules/@embedded-postgres/linux-arm": {
      "version": "18.1.0-beta.15",
      "resolved": "https://registry.npmjs.org/@embedded-postgres/linux-arm/-/linux-arm-18.1.0-beta.15.tgz",
      "integrity": "sha512-VCAANozQXOI1oe6YJ6JgNcWIWQBQvmv/iQvgXZJqY0vqVMFoVLjYiQ1zJ+Ayv9lYPo7Ncswwsrqx/Sk7ock4mQ==",
      "cpu": [
        "arm"
      ],
      "hasInstallScript": true,
      "license": "MIT",
      "optional": true,
      "os": [
        "linux"
      ],
      "engines": {
        "node": ">=16"
      }
    },
    "node_modules/@embedded-postgres/linux-arm64": {
      "version": "18.1.0-beta.15",
      "resolved": "https://registry.npmjs.org/@embedded-postgres/linux-arm64/-/linux-arm64-18.1.0-beta.15.tgz",
      "integrity": "sha512-a1AIFKpQpg/B5xKGKt+/+040X3QfHCHnf3jb9AiHzK9D9TADT07LFNt9A1nr8MXywazZ4gfGv1RBX39WHmpIgg==",
      "cpu": [
        "arm64"
      ],
      "hasInstallScript": true,
      "license": "MIT",
      "optional": true,
      "os": [
        "linux"
      ],
      "engines": {
        "node": ">=16"
      }
    },
    "node_modules/@embedded-postgres/linux-ia32": {
      "version": "18.1.0-beta.15",
      "resolved": "https://registry.npmjs.org/@embedded-postgres/linux-ia32/-/linux-ia32-18.1.0-beta.15.tgz",
      "integrity": "sha512-DxXmvpN6rVNqiuRJ6fpuFPcmYiq6lp+QBAnZS5cLJswKEUpyC23q4dfDo/mpP/iYdvUUZGgv2S5YPFNNzvp7pQ==",
      "cpu": [
        "ia32"
      ],
      "hasInstallScript": true,
      "license": "MIT",
      "optional": true,
      "os": [
        "linux"
      ],
      "engines": {
        "node": ">=16"
      }
    },
    "node_modules/@embedded-postgres/linux-ppc64": {
      "version": "18.1.0-beta.15",
      "resolved": "https://registry.npmjs.org/@embedded-postgres/linux-ppc64/-/linux-ppc64-18.1.0-beta.15.tgz",
      "integrity": "sha512-PlNW4/WCD/cMrL28H7iCN+HqWHvP1yl9wRId2cO9DNlW8QiTOwGs72irA3msuoBqoClsOWQHpQLnn3v7D6TJ5w==",
      "cpu": [
        "ppc64"
      ],
      "hasInstallScript": true,
      "license": "MIT",
      "optional": true,
      "os": [
        "linux"
      ],
      "engines": {
        "node": ">=16"
      }
    },
    "node_modules/@embedded-postgres/linux-x64": {
      "version": "18.1.0-beta.15",
      "resolved": "https://registry.npmjs.org/@embedded-postgres/linux-x64/-/linux-x64-18.1.0-beta.15.tgz",
      "integrity": "sha512-AvFLqFLBdaAJIBjgyH7ejVVtgMss/DqAuE05FGyaoxmwuMQtr7c5rIm3kUbM+RzOzDFZZY9EzU67OQt5wlmxCA==",
      "cpu": [
        "x64"
      ],
      "hasInstallScript": true,
      "license": "MIT",
      "optional": true,
      "os": [
        "linux"
      ],
      "engines": {
        "node": ">=16"
      }
    },
    "node_modules/@embedded-postgres/windows-x64": {
      "version": "18.1.0-beta.15",
      "resolved": "https://registry.npmjs.org/@embedded-postgres/windows-x64/-/windows-x64-18.1.0-beta.15.tgz",
      "integrity": "sha512-xLIAuYqkUK1Hk93Bsn1eGAbpEEDgt4UHpg/fA1Vgj66rOJTDf1Q783rWNIBZ7kZP9FtgSnAk4gJhLRMNgkakMg==",
      "cpu": [
        "x64"
      ],
      "hasInstallScript": true,
      "license": "MIT",
      "optional": true,
      "os": [
        "win32"
      ],
      "engines": {
        "node": ">=16"
      }
    },
    "node_modules/async-exit-hook": {
      "version": "2.0.1",
      "resolved": "https://registry.npmjs.org/async-exit-hook/-/async-exit-hook-2.0.1.tgz",
      "integrity": "sha512-NW2cX8m1Q7KPA7a5M2ULQeZ2wR5qI5PAbw5L0UOMxdioVk9PMZ0h1TmyZEkPYrCvYjDlFICusOu1dlEKAAeXBw==",
      "license": "MIT",
      "engines": {
        "node": ">=0.12.0"
      }
    },
    "node_modules/csv-writer": {
      "version": "1.6.0",
      "resolved": "https://registry.npmjs.org/csv-writer/-/csv-writer-1.6.0.tgz",
      "integrity": "sha512-NOx7YDFWEsM/fTRAJjRpPp8t+MKRVvniAg9wQlUKx20MFrPs73WLJhFf5iteqrxNYnsy924K3Iroh3yNHeYd2g==",
      "license": "MIT"
    },
    "node_modules/dotenv": {
      "version": "16.6.1",
      "resolved": "https://registry.npmjs.org/dotenv/-/dotenv-16.6.1.tgz",
      "integrity": "sha512-uBq4egWHTcTt33a72vpSG0z3HnPuIl6NqYcTrKEg2azoEyl2hpW0zqlxysq2pK9HlDIHyHyakeYaYnSAwd8bow==",
      "license": "BSD-2-Clause",
      "engines": {
        "node": ">=12"
      },
      "funding": {
        "url": "https://dotenvx.com"
      }
    },
    "node_modules/embedded-postgres": {
      "version": "18.1.0-beta.15",
      "resolved": "https://registry.npmjs.org/embedded-postgres/-/embedded-postgres-18.1.0-beta.15.tgz",
      "integrity": "sha512-JZZuPouEAk4vNaYODGGNIPYTMO/Al09Y8L2WvcqGdO3+fPFzJl4lhxJm8EfMOpJpi/x9tH1Ba47ZGE4/TTJjtA==",
      "license": "MIT",
      "dependencies": {
        "async-exit-hook": "^2.0.1",
        "pg": "^8.7.3"
      },
      "engines": {
        "node": ">=16"
      },
      "optionalDependencies": {
        "@embedded-postgres/darwin-arm64": "^18.1.0-beta.15",
        "@embedded-postgres/darwin-x64": "^18.1.0-beta.15",
        "@embedded-postgres/linux-arm": "^18.1.0-beta.15",
        "@embedded-postgres/linux-arm64": "^18.1.0-beta.15",
        "@embedded-postgres/linux-ia32": "^18.1.0-beta.15",
        "@embedded-postgres/linux-ppc64": "^18.1.0-beta.15",
        "@embedded-postgres/linux-x64": "^18.1.0-beta.15",
        "@embedded-postgres/windows-x64": "^18.1.0-beta.15"
      }
    },
    "node_modules/events": {
      "version": "3.3.0",
      "resolved": "https://registry.npmjs.org/events/-/events-3.3.0.tgz",
      "integrity": "sha512-mQw+2fkQbALzQ7V0MY0IqdnXNOeTtP4r0lN9z7AAawCXgqea7bDii20AYrIBrFd/Hx0M2Ocz6S111CaFkUcb0Q==",
      "license": "MIT",
      "engines": {
        "node": ">=0.8.x"
      }
    },
    "node_modules/graphology": {
      "version": "0.25.4",
      "resolved": "https://registry.npmjs.org/graphology/-/graphology-0.25.4.tgz",
      "integrity": "sha512-33g0Ol9nkWdD6ulw687viS8YJQBxqG5LWII6FI6nul0pq6iM2t5EKquOTFDbyTblRB3O9I+7KX4xI8u5ffekAQ==",
      "license": "MIT",
      "dependencies": {
        "events": "^3.3.0",
        "obliterator": "^2.0.2"
      },
      "peerDependencies": {
        "graphology-types": ">=0.24.0"
      }
    },
    "node_modules/graphology-types": {
      "version": "0.24.8",
      "resolved": "https://registry.npmjs.org/graphology-types/-/graphology-types-0.24.8.tgz",
      "integrity": "sha512-hDRKYXa8TsoZHjgEaysSRyPdT6uB78Ci8WnjgbStlQysz7xR52PInxNsmnB7IBOM1BhikxkNyCVEFgmPKnpx3Q==",
      "license": "MIT",
      "peer": true
    },
    "node_modules/obliterator": {
      "version": "2.0.5",
      "resolved": "https://registry.npmjs.org/obliterator/-/obliterator-2.0.5.tgz",
      "integrity": "sha512-42CPE9AhahZRsMNslczq0ctAEtqk8Eka26QofnqC346BZdHDySk3LWka23LI7ULIw11NmltpiLagIq8gBozxTw==",
      "license": "MIT"
    },
    "node_modules/pg": {
      "version": "8.16.3",
      "resolved": "https://registry.npmjs.org/pg/-/pg-8.16.3.tgz",
      "integrity": "sha512-enxc1h0jA/aq5oSDMvqyW3q89ra6XIIDZgCX9vkMrnz5DFTw/Ny3Li2lFQ+pt3L6MCgm/5o2o8HW9hiJji+xvw==",
      "license": "MIT",
      "dependencies": {
        "pg-connection-string": "^2.9.1",
        "pg-pool": "^3.10.1",
        "pg-protocol": "^1.10.3",
        "pg-types": "2.2.0",
        "pgpass": "1.0.5"
      },
      "engines": {
        "node": ">= 16.0.0"
      },
      "optionalDependencies": {
        "pg-cloudflare": "^1.2.7"
      },
      "peerDependencies": {
        "pg-native": ">=3.0.1"
      },
      "peerDependenciesMeta": {
        "pg-native": {
          "optional": true
        }
      }
    },
    "node_modules/pg-cloudflare": {
      "version": "1.2.7",
      "resolved": "https://registry.npmjs.org/pg-cloudflare/-/pg-cloudflare-1.2.7.tgz",
      "integrity": "sha512-YgCtzMH0ptvZJslLM1ffsY4EuGaU0cx4XSdXLRFae8bPP4dS5xL1tNB3k2o/N64cHJpwU7dxKli/nZ2lUa5fLg==",
      "license": "MIT",
      "optional": true
    },
    "node_modules/pg-connection-string": {
      "version": "2.9.1",
      "resolved": "https://registry.npmjs.org/pg-connection-string/-/pg-connection-string-2.9.1.tgz",
      "integrity": "sha512-nkc6NpDcvPVpZXxrreI/FOtX3XemeLl8E0qFr6F2Lrm/I8WOnaWNhIPK2Z7OHpw7gh5XJThi6j6ppgNoaT1w4w==",
      "license": "MIT"
    },
    "node_modules/pg-int8": {
      "version": "1.0.1",
      "resolved": "https://registry.npmjs.org/pg-int8/-/pg-int8-1.0.1.tgz",
      "integrity": "sha512-WCtabS6t3c8SkpDBUlb1kjOs7l66xsGdKpIPZsg4wR+B3+u9UAum2odSsF9tnvxg80h4ZxLWMy4pRjOsFIqQpw==",
      "license": "ISC",
      "engines": {
        "node": ">=4.0.0"
      }
    },
    "node_modules/pg-pool": {
      "version": "3.10.1",
      "resolved": "https://registry.npmjs.org/pg-pool/-/pg-pool-3.10.1.tgz",
      "integrity": "sha512-Tu8jMlcX+9d8+QVzKIvM/uJtp07PKr82IUOYEphaWcoBhIYkoHpLXN3qO59nAI11ripznDsEzEv8nUxBVWajGg==",
      "license": "MIT",
      "peerDependencies": {
        "pg": ">=8.0"
      }
    },
    "node_modules/pg-protocol": {
      "version": "1.10.3",
      "resolved": "https://registry.npmjs.org/pg-protocol/-/pg-protocol-1.10.3.tgz",
      "integrity": "sha512-6DIBgBQaTKDJyxnXaLiLR8wBpQQcGWuAESkRBX/t6OwA8YsqP+iVSiond2EDy6Y/dsGk8rh/jtax3js5NeV7JQ==",
      "license": "MIT"
    },
    "node_modules/pg-types": {
      "version": "2.2.0",
      "resolved": "https://registry.npmjs.org/pg-types/-/pg-types-2.2.0.tgz",
      "integrity": "sha512-qTAAlrEsl8s4OiEQY69wDvcMIdQN6wdz5ojQiOy6YRMuynxenON0O5oCpJI6lshc6scgAY8qvJ2On/p+CXY0GA==",
      "license": "MIT",
      "dependencies": {
        "pg-int8": "1.0.1",
        "postgres-array": "~2.0.0",
        "postgres-bytea": "~1.0.0",
        "postgres-date": "~1.0.4",
        "postgres-interval": "^1.1.0"
      },
      "engines": {
        "node": ">=4"
      }
    },
    "node_modules/pgpass": {
      "version": "1.0.5",
      "resolved": "https://registry.npmjs.org/pgpass/-/pgpass-1.0.5.tgz",
      "integrity": "sha512-FdW9r/jQZhSeohs1Z3sI1yxFQNFvMcnmfuj4WBMUTxOrAyLMaTcE1aAMBiTlbMNaXvBCQuVi0R7hd8udDSP7ug==",
      "license": "MIT",
      "dependencies": {
        "split2": "^4.1.0"
      }
    },
    "node_modules/postgres-array": {
      "version": "2.0.0",
      "resolved": "https://registry.npmjs.org/postgres-array/-/postgres-array-2.0.0.tgz",
      "integrity": "sha512-VpZrUqU5A69eQyW2c5CA1jtLecCsN2U/bD6VilrFDWq5+5UIEVO7nazS3TEcHf1zuPYO/sqGvUvW62g86RXZuA==",
      "license": "MIT",
      "engines": {
        "node": ">=4"
      }
    },
    "node_modules/postgres-bytea": {
      "version": "1.0.0",
      "resolved": "https://registry.npmjs.org/postgres-bytea/-/postgres-bytea-1.0.0.tgz",
      "integrity": "sha512-xy3pmLuQqRBZBXDULy7KbaitYqLcmxigw14Q5sj8QBVLqEwXfeybIKVWiqAXTlcvdvb0+xkOtDbfQMOf4lST1w==",
      "license": "MIT",
      "engines": {
        "node": ">=0.10.0"
      }
    },
    "node_modules/postgres-date": {
      "version": "1.0.7",
      "resolved": "https://registry.npmjs.org/postgres-date/-/postgres-date-1.0.7.tgz",
      "integrity": "sha512-suDmjLVQg78nMK2UZ454hAG+OAW+HQPZ6n++TNDUX+L0+uUlLywnoxJKDou51Zm+zTCjrCl0Nq6J9C5hP9vK/Q==",
      "license": "MIT",
      "engines": {
        "node": ">=0.10.0"
      }
    },
    "node_modules/postgres-interval": {
      "version": "1.2.0",
      "resolved": "https://registry.npmjs.org/postgres-interval/-/postgres-interval-1.2.0.tgz",
      "integrity": "sha512-9ZhXKM/rw350N1ovuWHbGxnGh/SNJ4cnxHiM0rxE4VN41wsg8P8zWn9hv/buK00RP4WvlOyr/RBDiptyxVbkZQ==",
      "license": "MIT",
      "dependencies": {
        "xtend": "^4.0.0"
      },
      "engines": {
        "node": ">=0.10.0"
      }
    },
    "node_modules/split2": {
      "version": "4.2.0",
      "resolved": "https://registry.npmjs.org/split2/-/split2-4.2.0.tgz",
      "integrity": "sha512-UcjcJOWknrNkF6PLX83qcHM6KHgVKNkV62Y8a5uYDVv9ydGQVwAHMKqHdJje1VTWpljG0WYpCDhrCdAOYH4TWg==",
      "license": "ISC",
      "engines": {
        "node": ">= 10.x"
      }
    },
    "node_modules/xtend": {
      "version": "4.0.2",
      "resolved": "https://registry.npmjs.org/xtend/-/xtend-4.0.2.tgz",
      "integrity": "sha512-LKYU1iAXJXUgAXn9URjiu+MWhyUXHsvfp7mcuYm9dSUKK0/CjtrUwFAxD82/mCWbtLsGjFIad0wIsod4zrTAEQ==",
      "license": "MIT",
      "engines": {
        "node": ">=0.4"
      }
    }
  }
}
